
Microsoft Visual Studio Solution File, Format Version 12.00
# Visual Studio Version 16
VisualStudioVersion = 16.0.29403.142
MinimumVisualStudioVersion = 10.0.40219.1
Project("{9A19103F-16F7-4668-BE54-9A1E7A4F7556}") = "SamplePerformanceApp", "SamplePerformanceApp\SamplePerformanceApp.csproj", "{255EAA9C-4050-417D-9CFA-E7F9C10FF520}"
EndProject
Project("{9A19103F-16F7-4668-BE54-9A1E7A4F7556}") = "SampleWebApiCore", "SampleWebApiCore\SampleWebApiCore.csproj", "{9DBAD671-32D1-44FE-9D9A-D2032EFFD4E8}"
EndProject
Project("{FAE04EC0-301F-11D3-BF4B-00C04F79EFBC}") = "ConsoleTestApp", "ConsoleTestApp\ConsoleTestApp.csproj", "{86087C41-A97E-4A50-A030-596B1065CDF3}"
EndProject
Project("{9A19103F-16F7-4668-BE54-9A1E7A4F7556}") = "BenchmarkTest", "BenchmarkTest\BenchmarkTest.csproj", "{A4726C40-22BE-4B57-BAD6-E033ACB17A9E}"
EndProject
Global
	GlobalSection(SolutionConfigurationPlatforms) = preSolution
		Debug|Any CPU = Debug|Any CPU
		Release|Any CPU = Release|Any CPU
	EndGlobalSection
	GlobalSection(ProjectConfigurationPlatforms) = postSolution
		{255EAA9C-4050-417D-9CFA-E7F9C10FF520}.Debug|Any CPU.ActiveCfg = Debug|Any CPU
		{255EAA9C-4050-417D-9CFA-E7F9C10FF520}.Debug|Any CPU.Build.0 = Debug|Any CPU
		{255EAA9C-4050-417D-9CFA-E7F9C10FF520}.Release|Any CPU.ActiveCfg = Release|Any CPU
		{255EAA9C-4050-417D-9CFA-E7F9C10FF520}.Release|Any CPU.Build.0 = Release|Any CPU
		{9DBAD671-32D1-44FE-9D9A-D2032EFFD4E8}.Debug|Any CPU.ActiveCfg = Debug|Any CPU
		{9DBAD671-32D1-44FE-9D9A-D2032EFFD4E8}.Debug|Any CPU.Build.0 = Debug|Any CPU
		{9DBAD671-32D1-44FE-9D9A-D2032EFFD4E8}.Release|Any CPU.ActiveCfg = Release|Any CPU
		{9DBAD671-32D1-44FE-9D9A-D2032EFFD4E8}.Release|Any CPU.Build.0 = Release|Any CPU
		{86087C41-A97E-4A50-A030-596B1065CDF3}.Debug|Any CPU.ActiveCfg = Debug|Any CPU
		{86087C41-A97E-4A50-A030-596B1065CDF3}.Debug|Any CPU.Build.0 = Debug|Any CPU
		{86087C41-A97E-4A50-A030-596B1065CDF3}.Release|Any CPU.ActiveCfg = Release|Any CPU
		{86087C41-A97E-4A50-A030-596B1065CDF3}.Release|Any CPU.Build.0 = Release|Any CPU
		{A4726C40-22BE-4B57-BAD6-E033ACB17A9E}.Debug|Any CPU.ActiveCfg = Debug|Any CPU
		{A4726C40-22BE-4B57-BAD6-E033ACB17A9E}.Debug|Any CPU.Build.0 = Debug|Any CPU
		{A4726C40-22BE-4B57-BAD6-E033ACB17A9E}.Release|Any CPU.ActiveCfg = Release|Any CPU
		{A4726C40-22BE-4B57-BAD6-E033ACB17A9E}.Release|Any CPU.Build.0 = Release|Any CPU
	EndGlobalSection
	GlobalSection(SolutionProperties) = preSolution
		HideSolutionNode = FALSE
	EndGlobalSection
	GlobalSection(ExtensibilityGlobals) = postSolution
		SolutionGuid = {010B7571-3BC3-4DA6-9A06-016E9713D4D4}
	EndGlobalSection
	GlobalSection(Performance) = preSolution
		HasPerformanceSessions = true
	EndGlobalSection
EndGlobal
